// !$*UTF8*$!
{
	archiveVersion = 1;
	classes = {
	};
	objectVersion = 77;
	objects = {

/* Begin PBXContainerItemProxy section */
		AB7449CF2D8F758D004B990F /* PBXContainerItemProxy */ = {
			isa = PBXContainerItemProxy;
			containerPortal = AB7449B02D8F758C004B990F /* Project object */;
			proxyType = 1;
			remoteGlobalIDString = AB7449B72D8F758C004B990F;
			remoteInfo = MTPT;
		};
		AB7449D92D8F758D004B990F /* PBXContainerItemProxy */ = {
			isa = PBXContainerItemProxy;
			containerPortal = AB7449B02D8F758C004B990F /* Project object */;
			proxyType = 1;
			remoteGlobalIDString = AB7449B72D8F758C004B990F;
			remoteInfo = MTPT;
		};
/* End PBXContainerItemProxy section */

/* Begin PBXFileReference section */
		AB7449B82D8F758C004B990F /* MTPT.app */ = {isa = PBXFileReference; explicitFileType = wrapper.application; includeInIndex = 0; path = MTPT.app; sourceTree = BUILT_PRODUCTS_DIR; };
		AB7449CE2D8F758D004B990F /* MTPTTests.xctest */ = {isa = PBXFileReference; explicitFileType = wrapper.cfbundle; includeInIndex = 0; path = MTPTTests.xctest; sourceTree = BUILT_PRODUCTS_DIR; };
		AB7449D82D8F758D004B990F /* MTPTUITests.xctest */ = {isa = PBXFileReference; explicitFileType = wrapper.cfbundle; includeInIndex = 0; path = MTPTUITests.xctest; sourceTree = BUILT_PRODUCTS_DIR; };
/* End PBXFileReference section */

/* Begin PBXFileSystemSynchronizedBuildFileExceptionSet section */
		AB7449E02D8F758D004B990F /* Exceptions for "MTPT" folder in "MTPT" target */ = {
			isa = PBXFileSystemSynchronizedBuildFileExceptionSet;
			membershipExceptions = (
				Info.plist,
			);
			target = AB7449B72D8F758C004B990F /* MTPT */;
		};
/* End PBXFileSystemSynchronizedBuildFileExceptionSet section */

/* Begin PBXFileSystemSynchronizedRootGroup section */
		AB7449BA2D8F758C004B990F /* MTPT */ = {
			isa = PBXFileSystemSynchronizedRootGroup;
			exceptions = (
				AB7449E02D8F758D004B990F /* Exceptions for "MTPT" folder in "MTPT" target */,
			);
			path = MTPT;
			sourceTree = "<group>";
		};
		AB7449D12D8F758D004B990F /* MTPTTests */ = {
			isa = PBXFileSystemSynchronizedRootGroup;
			path = MTPTTests;
			sourceTree = "<group>";
		};
		AB7449DB2D8F758D004B990F /* MTPTUITests */ = {
			isa = PBXFileSystemSynchronizedRootGroup;
			path = MTPTUITests;
			sourceTree = "<group>";
		};
/* End PBXFileSystemSynchronizedRootGroup section */

/* Begin PBXFrameworksBuildPhase section */
		AB7449B52D8F758C004B990F /* Frameworks */ = {
			isa = PBXFrameworksBuildPhase;
			buildActionMask = 2147483647;
			files = (
			);
			runOnlyForDeploymentPostprocessing = 0;
		};
		AB7449CB2D8F758D004B990F /* Frameworks */ = {
			isa = PBXFrameworksBuildPhase;
			buildActionMask = 2147483647;
			files = (
			);
			runOnlyForDeploymentPostprocessing = 0;
		};
		AB7449D52D8F758D004B990F /* Frameworks */ = {
			isa = PBXFrameworksBuildPhase;
			buildActionMask = 2147483647;
			files = (
			);
			runOnlyForDeploymentPostprocessing = 0;
		};
/* End PBXFrameworksBuildPhase section */

/* Begin PBXGroup section */
		AB7449AF2D8F758C004B990F = {
			isa = PBXGroup;
			children = (
				AB7449BA2D8F758C004B990F /* MTPT */,
				AB7449D12D8F758D004B990F /* MTPTTests */,
				AB7449DB2D8F758D004B990F /* MTPTUITests */,
				AB7449B92D8F758C004B990F /* Products */,
			);
			sourceTree = "<group>";
		};
		AB7449B92D8F758C004B990F /* Products */ = {
			isa = PBXGroup;
			children = (
				AB7449B82D8F758C004B990F /* MTPT.app */,
				AB7449CE2D8F758D004B990F /* MTPTTests.xctest */,
				AB7449D82D8F758D004B990F /* MTPTUITests.xctest */,
			);
			name = Products;
			sourceTree = "<group>";
		};
/* End PBXGroup section */

/* Begin PBXNativeTarget section */
		AB7449B72D8F758C004B990F /* MTPT */ = {
			isa = PBXNativeTarget;
			buildConfigurationList = AB7449E12D8F758D004B990F /* Build configuration list for PBXNativeTarget "MTPT" */;
			buildPhases = (
				AB7449B42D8F758C004B990F /* Sources */,
				AB7449B52D8F758C004B990F /* Frameworks */,
				AB7449B62D8F758C004B990F /* Resources */,
			);
			buildRules = (
			);
			dependencies = (
			);
			fileSystemSynchronizedGroups = (
				AB7449BA2D8F758C004B990F /* MTPT */,
			);
			name = MTPT;
			packageProductDependencies = (
			);
			productName = MTPT;
			productReference = AB7449B82D8F758C004B990F /* MTPT.app */;
			productType = "com.apple.product-type.application";
		};
		AB7449CD2D8F758D004B990F /* MTPTTests */ = {
			isa = PBXNativeTarget;
			buildConfigurationList = AB7449E62D8F758D004B990F /* Build configuration list for PBXNativeTarget "MTPTTests" */;
			buildPhases = (
				AB7449CA2D8F758D004B990F /* Sources */,
				AB7449CB2D8F758D004B990F /* Frameworks */,
				AB7449CC2D8F758D004B990F /* Resources */,
			);
			buildRules = (
			);
			dependencies = (
				AB7449D02D8F758D004B990F /* PBXTargetDependency */,
			);
			fileSystemSynchronizedGroups = (
				AB7449D12D8F758D004B990F /* MTPTTests */,
			);
			name = MTPTTests;
			packageProductDependencies = (
			);
			productName = MTPTTests;
			productReference = AB7449CE2D8F758D004B990F /* MTPTTests.xctest */;
			productType = "com.apple.product-type.bundle.unit-test";
		};
		AB7449D72D8F758D004B990F /* MTPTUITests */ = {
			isa = PBXNativeTarget;
			buildConfigurationList = AB7449E92D8F758D004B990F /* Build configuration list for PBXNativeTarget "MTPTUITests" */;
			buildPhases = (
				AB7449D42D8F758D004B990F /* Sources */,
				AB7449D52D8F758D004B990F /* Frameworks */,
				AB7449D62D8F758D004B990F /* Resources */,
			);
			buildRules = (
			);
			dependencies = (
				AB7449DA2D8F758D004B990F /* PBXTargetDependency */,
			);
			fileSystemSynchronizedGroups = (
				AB7449DB2D8F758D004B990F /* MTPTUITests */,
			);
			name = MTPTUITests;
			packageProductDependencies = (
			);
			productName = MTPTUITests;
			productReference = AB7449D82D8F758D004B990F /* MTPTUITests.xctest */;
			productType = "com.apple.product-type.bundle.ui-testing";
		};
/* End PBXNativeTarget section */

/* Begin PBXProject section */
		AB7449B02D8F758C004B990F /* Project object */ = {
			isa = PBXProject;
			attributes = {
				BuildIndependentTargetsInParallel = 1;
				LastSwiftUpdateCheck = 1620;
				LastUpgradeCheck = 1620;
				TargetAttributes = {
					AB7449B72D8F758C004B990F = {
						CreatedOnToolsVersion = 16.2;
					};
					AB7449CD2D8F758D004B990F = {
						CreatedOnToolsVersion = 16.2;
						TestTargetID = AB7449B72D8F758C004B990F;
					};
					AB7449D72D8F758D004B990F = {
						CreatedOnToolsVersion = 16.2;
						TestTargetID = AB7449B72D8F758C004B990F;
					};
				};
			};
			buildConfigurationList = AB7449B32D8F758C004B990F /* Build configuration list for PBXProject "MTPT" */;
			developmentRegion = en;
			hasScannedForEncodings = 0;
			knownRegions = (
				en,
				Base,
			);
			mainGroup = AB7449AF2D8F758C004B990F;
			minimizedProjectReferenceProxies = 1;
			preferredProjectObjectVersion = 77;
			productRefGroup = AB7449B92D8F758C004B990F /* Products */;
			projectDirPath = "";
			projectRoot = "";
			targets = (
				AB7449B72D8F758C004B990F /* MTPT */,
				AB7449CD2D8F758D004B990F /* MTPTTests */,
				AB7449D72D8F758D004B990F /* MTPTUITests */,
			);
		};
/* End PBXProject section */

/* Begin PBXResourcesBuildPhase section */
		AB7449B62D8F758C004B990F /* Resources */ = {
			isa = PBXResourcesBuildPhase;
			buildActionMask = 2147483647;
			files = (
			);
			runOnlyForDeploymentPostprocessing = 0;
		};
		AB7449CC2D8F758D004B990F /* Resources */ = {
			isa = PBXResourcesBuildPhase;
			buildActionMask = 2147483647;
			files = (
			);
			runOnlyForDeploymentPostprocessing = 0;
		};
		AB7449D62D8F758D004B990F /* Resources */ = {
			isa = PBXResourcesBuildPhase;
			buildActionMask = 2147483647;
			files = (
			);
			runOnlyForDeploymentPostprocessing = 0;
		};
/* End PBXResourcesBuildPhase section */

/* Begin PBXSourcesBuildPhase section */
		AB7449B42D8F758C004B990F /* Sources */ = {
			isa = PBXSourcesBuildPhase;
			buildActionMask = 2147483647;
			files = (
			);
			runOnlyForDeploymentPostprocessing = 0;
		};
		AB7449CA2D8F758D004B990F /* Sources */ = {
			isa = PBXSourcesBuildPhase;
			buildActionMask = 2147483647;
			files = (
			);
			runOnlyForDeploymentPostprocessing = 0;
		};
		AB7449D42D8F758D004B990F /* Sources */ = {
			isa = PBXSourcesBuildPhase;
			buildActionMask = 2147483647;
			files = (
			);
			runOnlyForDeploymentPostprocessing = 0;
		};
/* End PBXSourcesBuildPhase section */

/* Begin PBXTargetDependency section */
		AB7449D02D8F758D004B990F /* PBXTargetDependency */ = {
			isa = PBXTargetDependency;
			target = AB7449B72D8F758C004B990F /* MTPT */;
			targetProxy = AB7449CF2D8F758D004B990F /* PBXContainerItemProxy */;
		};
		AB7449DA2D8F758D004B990F /* PBXTargetDependency */ = {
			isa = PBXTargetDependency;
			target = AB7449B72D8F758C004B990F /* MTPT */;
			targetProxy = AB7449D92D8F758D004B990F /* PBXContainerItemProxy */;
		};
/* End PBXTargetDependency section */

/* Begin XCBuildConfiguration section */
		AB7449E22D8F758D004B990F /* Debug */ = {
			isa = XCBuildConfiguration;
			buildSettings = {
				ASSETCATALOG_COMPILER_APPICON_NAME = AppIcon;
				ASSETCATALOG_COMPILER_GLOBAL_ACCENT_COLOR_NAME = AccentColor;
				CODE_SIGN_STYLE = Automatic;
				CURRENT_PROJECT_VERSION = 1;
				DEVELOPMENT_TEAM = 74JA6F8AW6;
				GENERATE_INFOPLIST_FILE = YES;
				INFOPLIST_FILE = MTPT/Info.plist;
				INFOPLIST_KEY_UIApplicationSupportsIndirectInputEvents = YES;
				INFOPLIST_KEY_UILaunchStoryboardName = LaunchScreen;
				INFOPLIST_KEY_UISupportedInterfaceOrientations_iPad = "UIInterfaceOrientationPortrait UIInterfaceOrientationPortraitUpsideDown UIInterfaceOrientationLandscapeLeft UIInterfaceOrientationLandscapeRight";
				INFOPLIST_KEY_UISupportedInterfaceOrientations_iPhone = "UIInterfaceOrientationPortrait UIInterfaceOrientationLandscapeLeft UIInterfaceOrientationLandscapeRight";
				LD_RUNPATH_SEARCH_PATHS = (
					"$(inherited)",
					"@executable_path/Frameworks",
				);
				MARKETING_VERSION = 1.0;
				PRODUCT_BUNDLE_IDENTIFIER = "ToTheMoon-solar.com.MTPT";
				PRODUCT_NAME = "$(TARGET_NAME)";
				SWIFT_EMIT_LOC_STRINGS = YES;
				SWIFT_VERSION = 5.0;
				TARGETED_DEVICE_FAMILY = "1,2";
			};
			name = Debug;
		};
		AB7449E32D8F758D004B990F /* Release */ = {
			isa = XCBuildConfiguration;
			buildSettings = {
				ASSETCATALOG_COMPILER_APPICON_NAME = AppIcon;
				ASSETCATALOG_COMPILER_GLOBAL_ACCENT_COLOR_NAME = AccentColor;
				CODE_SIGN_STYLE = Automatic;
				CURRENT_PROJECT_VERSION = 1;
				DEVELOPMENT_TEAM = 74JA6F8AW6;
				GENERATE_INFOPLIST_FILE = YES;
				INFOPLIST_FILE = MTPT/Info.plist;
				INFOPLIST_KEY_UIApplicationSupportsIndirectInputEvents = YES;
				INFOPLIST_KEY_UILaunchStoryboardName = LaunchScreen;
				INFOPLIST_KEY_UISupportedInterfaceOrientations_iPad = "UIInterfaceOrientationPortrait UIInterfaceOrientationPortraitUpsideDown UIInterfaceOrientationLandscapeLeft UIInterfaceOrientationLandscapeRight";
				INFOPLIST_KEY_UISupportedInterfaceOrientations_iPhone = "UIInterfaceOrientationPortrait UIInterfaceOrientationLandscapeLeft UIInterfaceOrientationLandscapeRight";
				LD_RUNPATH_SEARCH_PATHS = (
					"$(inherited)",
					"@executable_path/Frameworks",
				);
				MARKETING_VERSION = 1.0;
				PRODUCT_BUNDLE_IDENTIFIER = "ToTheMoon-solar.com.MTPT";
				PRODUCT_NAME = "$(TARGET_NAME)";
				SWIFT_EMIT_LOC_STRINGS = YES;
				SWIFT_VERSION = 5.0;
				TARGETED_DEVICE_FAMILY = "1,2";
			};
			name = Release;
		};
		AB7449E42D8F758D004B990F /* Debug */ = {
			isa = XCBuildConfiguration;
			buildSettings = {
				ALWAYS_SEARCH_USER_PATHS = NO;
				ASSETCATALOG_COMPILER_GENERATE_SWIFT_ASSET_SYMBOL_EXTENSIONS = YES;
				CLANG_ANALYZER_NONNULL = YES;
				CLANG_ANALYZER_NUMBER_OBJECT_CONVERSION = YES_AGGRESSIVE;
				CLANG_CXX_LANGUAGE_STANDARD = "gnu++20";
				CLANG_ENABLE_MODULES = YES;
				CLANG_ENABLE_OBJC_ARC = YES;
				CLANG_ENABLE_OBJC_WEAK = YES;
				CLANG_WARN_BLOCK_CAPTURE_AUTORELEASING = YES;
				CLANG_WARN_BOOL_CONVERSION = YES;
				CLANG_WARN_COMMA = YES;
				CLANG_WARN_CONSTANT_CONVERSION = YES;
				CLANG_WARN_DEPRECATED_OBJC_IMPLEMENTATIONS = YES;
				CLANG_WARN_DIRECT_OBJC_ISA_USAGE = YES_ERROR;
				CLANG_WARN_DOCUMENTATION_COMMENTS = YES;
				CLANG_WARN_EMPTY_BODY = YES;
				CLANG_WARN_ENUM_CONVERSION = YES;
				CLANG_WARN_INFINITE_RECURSION = YES;
				CLANG_WARN_INT_CONVERSION = YES;
				CLANG_WARN_NON_LITERAL_NULL_CONVERSION = YES;
				CLANG_WARN_OBJC_IMPLICIT_RETAIN_SELF = YES;
				CLANG_WARN_OBJC_LITERAL_CONVERSION = YES;
				CLANG_WARN_OBJC_ROOT_CLASS = YES_ERROR;
				CLANG_WARN_QUOTED_INCLUDE_IN_FRAMEWORK_HEADER = YES;
				CLANG_WARN_RANGE_LOOP_ANALYSIS = YES;
				CLANG_WARN_STRICT_PROTOTYPES = YES;
				CLANG_WARN_SUSPICIOUS_MOVE = YES;
				CLANG_WARN_UNGUARDED_AVAILABILITY = YES_AGGRESSIVE;
				CLANG_WARN_UNREACHABLE_CODE = YES;
				CLANG_WARN__DUPLICATE_METHOD_MATCH = YES;
				COPY_PHASE_STRIP = NO;
				DEBUG_INFORMATION_FORMAT = dwarf;
				ENABLE_STRICT_OBJC_MSGSEND = YES;
				ENABLE_TESTABILITY = YES;
				ENABLE_USER_SCRIPT_SANDBOXING = YES;
				GCC_C_LANGUAGE_STANDARD = gnu17;
				GCC_DYNAMIC_NO_PIC = NO;
				GCC_NO_COMMON_BLOCKS = YES;
				GCC_OPTIMIZATION_LEVEL = 0;
				GCC_PREPROCESSOR_DEFINITIONS = (
					"DEBUG=1",
					"$(inherited)",
				);
				GCC_WARN_64_TO_32_BIT_CONVERSION = YES;
				GCC_WARN_ABOUT_RETURN_TYPE = YES_ERROR;
				GCC_WARN_UNDECLARED_SELECTOR = YES;
				GCC_WARN_UNINITIALIZED_AUTOS = YES_AGGRESSIVE;
				GCC_WARN_UNUSED_FUNCTION = YES;
				GCC_WARN_UNUSED_VARIABLE = YES;
				IPHONEOS_DEPLOYMENT_TARGET = 18.2;
				LOCALIZATION_PREFERS_STRING_CATALOGS = YES;
				MTL_ENABLE_DEBUG_INFO = INCLUDE_SOURCE;
				MTL_FAST_MATH = YES;
				ONLY_ACTIVE_ARCH = YES;
				SDKROOT = iphoneos;
				SWIFT_ACTIVE_COMPILATION_CONDITIONS = "DEBUG $(inherited)";
				SWIFT_OPTIMIZATION_LEVEL = "-Onone";
			};
			name = Debug;
		};
		AB7449E52D8F758D004B990F /* Release */ = {
			isa = XCBuildConfiguration;
			buildSettings = {
				ALWAYS_SEARCH_USER_PATHS = NO;
				ASSETCATALOG_COMPILER_GENERATE_SWIFT_ASSET_SYMBOL_EXTENSIONS = YES;
				CLANG_ANALYZER_NONNULL = YES;
				CLANG_ANALYZER_NUMBER_OBJECT_CONVERSION = YES_AGGRESSIVE;
				CLANG_CXX_LANGUAGE_STANDARD = "gnu++20";
				CLANG_ENABLE_MODULES = YES;
				CLANG_ENABLE_OBJC_ARC = YES;
				CLANG_ENABLE_OBJC_WEAK = YES;
				CLANG_WARN_BLOCK_CAPTURE_AUTORELEASING = YES;
				CLANG_WARN_BOOL_CONVERSION = YES;
				CLANG_WARN_COMMA = YES;
				CLANG_WARN_CONSTANT_CONVERSION = YES;
				CLANG_WARN_DEPRECATED_OBJC_IMPLEMENTATIONS = YES;
				CLANG_WARN_DIRECT_OBJC_ISA_USAGE = YES_ERROR;
				CLANG_WARN_DOCUMENTATION_COMMENTS = YES;
				CLANG_WARN_EMPTY_BODY = YES;
				CLANG_WARN_ENUM_CONVERSION = YES;
				CLANG_WARN_INFINITE_RECURSION = YES;
				CLANG_WARN_INT_CONVERSION = YES;
				CLANG_WARN_NON_LITERAL_NULL_CONVERSION = YES;
				CLANG_WARN_OBJC_IMPLICIT_RETAIN_SELF = YES;
				CLANG_WARN_OBJC_LITERAL_CONVERSION = YES;
				CLANG_WARN_OBJC_ROOT_CLASS = YES_ERROR;
				CLANG_WARN_QUOTED_INCLUDE_IN_FRAMEWORK_HEADER = YES;
				CLANG_WARN_RANGE_LOOP_ANALYSIS = YES;
				CLANG_WARN_STRICT_PROTOTYPES = YES;
				CLANG_WARN_SUSPICIOUS_MOVE = YES;
				CLANG_WARN_UNGUARDED_AVAILABILITY = YES_AGGRESSIVE;
				CLANG_WARN_UNREACHABLE_CODE = YES;
				CLANG_WARN__DUPLICATE_METHOD_MATCH = YES;
				COPY_PHASE_STRIP = NO;
				DEBUG_INFORMATION_FORMAT = "dwarf-with-dsym";
				ENABLE_NS_ASSERTIONS = NO;
				ENABLE_STRICT_OBJC_MSGSEND = YES;
				ENABLE_USER_SCRIPT_SANDBOXING = YES;
				GCC_C_LANGUAGE_STANDARD = gnu17;
				GCC_NO_COMMON_BLOCKS = YES;
				GCC_WARN_64_TO_32_BIT_CONVERSION = YES;
				GCC_WARN_ABOUT_RETURN_TYPE = YES_ERROR;
				GCC_WARN_UNDECLARED_SELECTOR = YES;
				GCC_WARN_UNINITIALIZED_AUTOS = YES_AGGRESSIVE;
				GCC_WARN_UNUSED_FUNCTION = YES;
				GCC_WARN_UNUSED_VARIABLE = YES;
				IPHONEOS_DEPLOYMENT_TARGET = 18.2;
				LOCALIZATION_PREFERS_STRING_CATALOGS = YES;
				MTL_ENABLE_DEBUG_INFO = NO;
				MTL_FAST_MATH = YES;
				SDKROOT = iphoneos;
				SWIFT_COMPILATION_MODE = wholemodule;
				VALIDATE_PRODUCT = YES;
			};
			name = Release;
		};
		AB7449E72D8F758D004B990F /* Debug */ = {
			isa = XCBuildConfiguration;
			buildSettings = {
				BUNDLE_LOADER = "$(TEST_HOST)";
				CODE_SIGN_STYLE = Automatic;
				CURRENT_PROJECT_VERSION = 1;
				GENERATE_INFOPLIST_FILE = YES;
				IPHONEOS_DEPLOYMENT_TARGET = 18.2;
				MARKETING_VERSION = 1.0;
				PRODUCT_BUNDLE_IDENTIFIER = "ToTheMoon-solar.com.MTPTTests";
				PRODUCT_NAME = "$(TARGET_NAME)";
				SWIFT_EMIT_LOC_STRINGS = NO;
				SWIFT_VERSION = 5.0;
				TARGETED_DEVICE_FAMILY = "1,2";
				TEST_HOST = "$(BUILT_PRODUCTS_DIR)/MTPT.app/$(BUNDLE_EXECUTABLE_FOLDER_PATH)/MTPT";
			};
			name = Debug;
		};
		AB7449E82D8F758D004B990F /* Release */ = {
			isa = XCBuildConfiguration;
			buildSettings = {
				BUNDLE_LOADER = "$(TEST_HOST)";
				CODE_SIGN_STYLE = Automatic;
				CURRENT_PROJECT_VERSION = 1;
				GENERATE_INFOPLIST_FILE = YES;
				IPHONEOS_DEPLOYMENT_TARGET = 18.2;
				MARKETING_VERSION = 1.0;
				PRODUCT_BUNDLE_IDENTIFIER = "ToTheMoon-solar.com.MTPTTests";
				PRODUCT_NAME = "$(TARGET_NAME)";
				SWIFT_EMIT_LOC_STRINGS = NO;
				SWIFT_VERSION = 5.0;
				TARGETED_DEVICE_FAMILY = "1,2";
				TEST_HOST = "$(BUILT_PRODUCTS_DIR)/MTPT.app/$(BUNDLE_EXECUTABLE_FOLDER_PATH)/MTPT";
			};
			name = Release;
		};
		AB7449EA2D8F758D004B990F /* Debug */ = {
			isa = XCBuildConfiguration;
			buildSettings = {
				CODE_SIGN_STYLE = Automatic;
				CURRENT_PROJECT_VERSION = 1;
				GENERATE_INFOPLIST_FILE = YES;
				MARKETING_VERSION = 1.0;
				PRODUCT_BUNDLE_IDENTIFIER = "ToTheMoon-solar.com.MTPTUITests";
				PRODUCT_NAME = "$(TARGET_NAME)";
				SWIFT_EMIT_LOC_STRINGS = NO;
				SWIFT_VERSION = 5.0;
				TARGETED_DEVICE_FAMILY = "1,2";
				TEST_TARGET_NAME = MTPT;
			};
			name = Debug;
		};
		AB7449EB2D8F758D004B990F /* Release */ = {
			isa = XCBuildConfiguration;
			buildSettings = {
				CODE_SIGN_STYLE = Automatic;
				CURRENT_PROJECT_VERSION = 1;
				GENERATE_INFOPLIST_FILE = YES;
				MARKETING_VERSION = 1.0;
				PRODUCT_BUNDLE_IDENTIFIER = "ToTheMoon-solar.com.MTPTUITests";
				PRODUCT_NAME = "$(TARGET_NAME)";
				SWIFT_EMIT_LOC_STRINGS = NO;
				SWIFT_VERSION = 5.0;
				TARGETED_DEVICE_FAMILY = "1,2";
				TEST_TARGET_NAME = MTPT;
			};
			name = Release;
		};
/* End XCBuildConfiguration section */

/* Begin XCConfigurationList section */
		AB7449B32D8F758C004B990F /* Build configuration list for PBXProject "MTPT" */ = {
			isa = XCConfigurationList;
			buildConfigurations = (
				AB7449E42D8F758D004B990F /* Debug */,
				AB7449E52D8F758D004B990F /* Release */,
			);
			defaultConfigurationIsVisible = 0;
			defaultConfigurationName = Release;
		};
		AB7449E12D8F758D004B990F /* Build configuration list for PBXNativeTarget "MTPT" */ = {
			isa = XCConfigurationList;
			buildConfigurations = (
				AB7449E22D8F758D004B990F /* Debug */,
				AB7449E32D8F758D004B990F /* Release */,
			);
			defaultConfigurationIsVisible = 0;
			defaultConfigurationName = Release;
		};
		AB7449E62D8F758D004B990F /* Build configuration list for PBXNativeTarget "MTPTTests" */ = {
			isa = XCConfigurationList;
			buildConfigurations = (
				AB7449E72D8F758D004B990F /* Debug */,
				AB7449E82D8F758D004B990F /* Release */,
			);
			defaultConfigurationIsVisible = 0;
			defaultConfigurationName = Release;
		};
		AB7449E92D8F758D004B990F /* Build configuration list for PBXNativeTarget "MTPTUITests" */ = {
			isa = XCConfigurationList;
			buildConfigurations = (
				AB7449EA2D8F758D004B990F /* Debug */,
				AB7449EB2D8F758D004B990F /* Release */,
			);
			defaultConfigurationIsVisible = 0;
			defaultConfigurationName = Release;
		};
/* End XCConfigurationList section */
	};
	rootObject = AB7449B02D8F758C004B990F /* Project object */;
}
